<?xml version="1.0" encoding="utf-8"?>
<Project ToolsVersion="4.0" xmlns="http://schemas.microsoft.com/developer/msbuild/2003">
  <ItemGroup>
    <ClCompile Include="Sample.cpp" />
    <ClCompile Include="QuadObject.cpp" />
    <ClCompile Include="DxRT.cpp" />
    <ClCompile Include="FbxObj.cpp" />
  </ItemGroup>
  <ItemGroup>
    <ClInclude Include="Sample.h" />
    <ClInclude Include="QuadObject.h" />
    <ClInclude Include="DxRT.h" />
    <ClInclude Include="FbxObj.h" />
  </ItemGroup>
  <ItemGroup>
    <Filter Include="fbxresource">
      <UniqueIdentifier>{10bed31e-d804-4cb2-8f61-d09d894d75d6}</UniqueIdentifier>
    </Filter>
  </ItemGroup>
  <ItemGroup>
    <FxCompile Include="Box.hlsl">
      <Filter>fbxresource</Filter>
    </FxCompile>
    <FxCompile Include="Projection.hlsl">
      <Filter>fbxresource</Filter>
    </FxCompile>
    <FxCompile Include="Character.hlsl">
      <Filter>fbxresource</Filter>
    </FxCompile>
    <FxCompile Include="Quad.hlsl">
      <Filter>fbxresource</Filter>
    </FxCompile>
    <FxCompile Include="MapRT.hlsl">
      <Filter>fbxresource</Filter>
    </FxCompile>
    <FxCompile Include="sky.hlsl">
      <Filter>fbxresource</Filter>
    </FxCompile>
  </ItemGroup>
</Project>