
Microsoft Visual Studio Solution File, Format Version 12.00
# Visual Studio Version 16
VisualStudioVersion = 16.0.31624.102
MinimumVisualStudioVersion = 10.0.40219.1
Project("{8BC9CEB8-8B4A-11D0-8D11-00A0C91BC942}") = "File", "Project1\Project1.vcxproj", "{5A10C048-6ECF-4A57-8362-FEE86070B01A}"
EndProject
Project("{2150E333-8FDC-42A3-9474-1A3956D46DE8}") = "C", "C", "{27432F65-041D-485C-9F17-39B0C2B84661}"
EndProject
Project("{2150E333-8FDC-42A3-9474-1A3956D46DE8}") = "C++", "C++", "{2D49E1B3-F4E2-4FF2-8482-AAE118D59CEA}"
EndProject
Project("{8BC9CEB8-8B4A-11D0-8D11-00A0C91BC942}") = "LinkedList_0", "LinkedList_0\LinkedList_0.vcxproj", "{6B7227AB-0D2C-46ED-AFD5-BFB24A30B413}"
EndProject
Project("{8BC9CEB8-8B4A-11D0-8D11-00A0C91BC942}") = "LinkedList_1", "LinkedList_1\LinkedList_1.vcxproj", "{227A6852-DE6A-4A5B-B93B-2EC8EFC96B72}"
EndProject
Project("{8BC9CEB8-8B4A-11D0-8D11-00A0C91BC942}") = "LinkedList_1_1", "LinkedList_1_1\LinkedList_1_1.vcxproj", "{A4A50D57-E977-4ECA-9E25-4EAE00E1A550}"
EndProject
Project("{8BC9CEB8-8B4A-11D0-8D11-00A0C91BC942}") = "StudentSample", "StudentSample\StudentSample.vcxproj", "{A1E2053A-0F8A-4E78-87EC-25433BC16EDF}"
EndProject
Project("{8BC9CEB8-8B4A-11D0-8D11-00A0C91BC942}") = "Student", "Student\Student.vcxproj", "{F0561FF7-9339-43C5-8942-FA6AC4F13233}"
EndProject
Project("{8BC9CEB8-8B4A-11D0-8D11-00A0C91BC942}") = "StudentSample1", "StudentSample1\StudentSample1.vcxproj", "{179255ED-E547-44A4-AD68-59446DC7193B}"
EndProject
Project("{8BC9CEB8-8B4A-11D0-8D11-00A0C91BC942}") = "OperatorSample", "OperatorSample\OperatorSample.vcxproj", "{CE87E773-C5D6-4695-BCFF-4445EB9EB747}"
EndProject
Project("{8BC9CEB8-8B4A-11D0-8D11-00A0C91BC942}") = "StudentSample2", "StudentSample2\StudentSample2.vcxproj", "{9C57D142-C81C-4C3B-BBF9-8C902736D20D}"
EndProject
Project("{8BC9CEB8-8B4A-11D0-8D11-00A0C91BC942}") = "StudentSample2_1", "StudentSample21\StudentSample21.vcxproj", "{EB32AB21-E18F-4BF0-9B09-550A6FE50B5A}"
EndProject
Project("{8BC9CEB8-8B4A-11D0-8D11-00A0C91BC942}") = "Const", "Const\Const.vcxproj", "{31CB7F98-4B16-4032-81EE-1200C3BBAB60}"
EndProject
Global
	GlobalSection(SolutionConfigurationPlatforms) = preSolution
		Debug|x64 = Debug|x64
		Debug|x86 = Debug|x86
		Release|x64 = Release|x64
		Release|x86 = Release|x86
	EndGlobalSection
	GlobalSection(ProjectConfigurationPlatforms) = postSolution
		{5A10C048-6ECF-4A57-8362-FEE86070B01A}.Debug|x64.ActiveCfg = Debug|x64
		{5A10C048-6ECF-4A57-8362-FEE86070B01A}.Debug|x64.Build.0 = Debug|x64
		{5A10C048-6ECF-4A57-8362-FEE86070B01A}.Debug|x86.ActiveCfg = Debug|Win32
		{5A10C048-6ECF-4A57-8362-FEE86070B01A}.Debug|x86.Build.0 = Debug|Win32
		{5A10C048-6ECF-4A57-8362-FEE86070B01A}.Release|x64.ActiveCfg = Release|x64
		{5A10C048-6ECF-4A57-8362-FEE86070B01A}.Release|x64.Build.0 = Release|x64
		{5A10C048-6ECF-4A57-8362-FEE86070B01A}.Release|x86.ActiveCfg = Release|Win32
		{5A10C048-6ECF-4A57-8362-FEE86070B01A}.Release|x86.Build.0 = Release|Win32
		{6B7227AB-0D2C-46ED-AFD5-BFB24A30B413}.Debug|x64.ActiveCfg = Debug|x64
		{6B7227AB-0D2C-46ED-AFD5-BFB24A30B413}.Debug|x64.Build.0 = Debug|x64
		{6B7227AB-0D2C-46ED-AFD5-BFB24A30B413}.Debug|x86.ActiveCfg = Debug|Win32
		{6B7227AB-0D2C-46ED-AFD5-BFB24A30B413}.Debug|x86.Build.0 = Debug|Win32
		{6B7227AB-0D2C-46ED-AFD5-BFB24A30B413}.Release|x64.ActiveCfg = Release|x64
		{6B7227AB-0D2C-46ED-AFD5-BFB24A30B413}.Release|x64.Build.0 = Release|x64
		{6B7227AB-0D2C-46ED-AFD5-BFB24A30B413}.Release|x86.ActiveCfg = Release|Win32
		{6B7227AB-0D2C-46ED-AFD5-BFB24A30B413}.Release|x86.Build.0 = Release|Win32
		{227A6852-DE6A-4A5B-B93B-2EC8EFC96B72}.Debug|x64.ActiveCfg = Debug|x64
		{227A6852-DE6A-4A5B-B93B-2EC8EFC96B72}.Debug|x64.Build.0 = Debug|x64
		{227A6852-DE6A-4A5B-B93B-2EC8EFC96B72}.Debug|x86.ActiveCfg = Debug|Win32
		{227A6852-DE6A-4A5B-B93B-2EC8EFC96B72}.Debug|x86.Build.0 = Debug|Win32
		{227A6852-DE6A-4A5B-B93B-2EC8EFC96B72}.Release|x64.ActiveCfg = Release|x64
		{227A6852-DE6A-4A5B-B93B-2EC8EFC96B72}.Release|x64.Build.0 = Release|x64
		{227A6852-DE6A-4A5B-B93B-2EC8EFC96B72}.Release|x86.ActiveCfg = Release|Win32
		{227A6852-DE6A-4A5B-B93B-2EC8EFC96B72}.Release|x86.Build.0 = Release|Win32
		{A4A50D57-E977-4ECA-9E25-4EAE00E1A550}.Debug|x64.ActiveCfg = Debug|x64
		{A4A50D57-E977-4ECA-9E25-4EAE00E1A550}.Debug|x64.Build.0 = Debug|x64
		{A4A50D57-E977-4ECA-9E25-4EAE00E1A550}.Debug|x86.ActiveCfg = Debug|Win32
		{A4A50D57-E977-4ECA-9E25-4EAE00E1A550}.Debug|x86.Build.0 = Debug|Win32
		{A4A50D57-E977-4ECA-9E25-4EAE00E1A550}.Release|x64.ActiveCfg = Release|x64
		{A4A50D57-E977-4ECA-9E25-4EAE00E1A550}.Release|x64.Build.0 = Release|x64
		{A4A50D57-E977-4ECA-9E25-4EAE00E1A550}.Release|x86.ActiveCfg = Release|Win32
		{A4A50D57-E977-4ECA-9E25-4EAE00E1A550}.Release|x86.Build.0 = Release|Win32
		{A1E2053A-0F8A-4E78-87EC-25433BC16EDF}.Debug|x64.ActiveCfg = Debug|x64
		{A1E2053A-0F8A-4E78-87EC-25433BC16EDF}.Debug|x64.Build.0 = Debug|x64
		{A1E2053A-0F8A-4E78-87EC-25433BC16EDF}.Debug|x86.ActiveCfg = Debug|Win32
		{A1E2053A-0F8A-4E78-87EC-25433BC16EDF}.Debug|x86.Build.0 = Debug|Win32
		{A1E2053A-0F8A-4E78-87EC-25433BC16EDF}.Release|x64.ActiveCfg = Release|x64
		{A1E2053A-0F8A-4E78-87EC-25433BC16EDF}.Release|x64.Build.0 = Release|x64
		{A1E2053A-0F8A-4E78-87EC-25433BC16EDF}.Release|x86.ActiveCfg = Release|Win32
		{A1E2053A-0F8A-4E78-87EC-25433BC16EDF}.Release|x86.Build.0 = Release|Win32
		{F0561FF7-9339-43C5-8942-FA6AC4F13233}.Debug|x64.ActiveCfg = Debug|x64
		{F0561FF7-9339-43C5-8942-FA6AC4F13233}.Debug|x64.Build.0 = Debug|x64
		{F0561FF7-9339-43C5-8942-FA6AC4F13233}.Debug|x86.ActiveCfg = Debug|Win32
		{F0561FF7-9339-43C5-8942-FA6AC4F13233}.Debug|x86.Build.0 = Debug|Win32
		{F0561FF7-9339-43C5-8942-FA6AC4F13233}.Release|x64.ActiveCfg = Release|x64
		{F0561FF7-9339-43C5-8942-FA6AC4F13233}.Release|x64.Build.0 = Release|x64
		{F0561FF7-9339-43C5-8942-FA6AC4F13233}.Release|x86.ActiveCfg = Release|Win32
		{F0561FF7-9339-43C5-8942-FA6AC4F13233}.Release|x86.Build.0 = Release|Win32
		{179255ED-E547-44A4-AD68-59446DC7193B}.Debug|x64.ActiveCfg = Debug|x64
		{179255ED-E547-44A4-AD68-59446DC7193B}.Debug|x64.Build.0 = Debug|x64
		{179255ED-E547-44A4-AD68-59446DC7193B}.Debug|x86.ActiveCfg = Debug|Win32
		{179255ED-E547-44A4-AD68-59446DC7193B}.Debug|x86.Build.0 = Debug|Win32
		{179255ED-E547-44A4-AD68-59446DC7193B}.Release|x64.ActiveCfg = Release|x64
		{179255ED-E547-44A4-AD68-59446DC7193B}.Release|x64.Build.0 = Release|x64
		{179255ED-E547-44A4-AD68-59446DC7193B}.Release|x86.ActiveCfg = Release|Win32
		{179255ED-E547-44A4-AD68-59446DC7193B}.Release|x86.Build.0 = Release|Win32
		{CE87E773-C5D6-4695-BCFF-4445EB9EB747}.Debug|x64.ActiveCfg = Debug|x64
		{CE87E773-C5D6-4695-BCFF-4445EB9EB747}.Debug|x64.Build.0 = Debug|x64
		{CE87E773-C5D6-4695-BCFF-4445EB9EB747}.Debug|x86.ActiveCfg = Debug|Win32
		{CE87E773-C5D6-4695-BCFF-4445EB9EB747}.Debug|x86.Build.0 = Debug|Win32
		{CE87E773-C5D6-4695-BCFF-4445EB9EB747}.Release|x64.ActiveCfg = Release|x64
		{CE87E773-C5D6-4695-BCFF-4445EB9EB747}.Release|x64.Build.0 = Release|x64
		{CE87E773-C5D6-4695-BCFF-4445EB9EB747}.Release|x86.ActiveCfg = Release|Win32
		{CE87E773-C5D6-4695-BCFF-4445EB9EB747}.Release|x86.Build.0 = Release|Win32
		{9C57D142-C81C-4C3B-BBF9-8C902736D20D}.Debug|x64.ActiveCfg = Debug|x64
		{9C57D142-C81C-4C3B-BBF9-8C902736D20D}.Debug|x64.Build.0 = Debug|x64
		{9C57D142-C81C-4C3B-BBF9-8C902736D20D}.Debug|x86.ActiveCfg = Debug|Win32
		{9C57D142-C81C-4C3B-BBF9-8C902736D20D}.Debug|x86.Build.0 = Debug|Win32
		{9C57D142-C81C-4C3B-BBF9-8C902736D20D}.Release|x64.ActiveCfg = Release|x64
		{9C57D142-C81C-4C3B-BBF9-8C902736D20D}.Release|x64.Build.0 = Release|x64
		{9C57D142-C81C-4C3B-BBF9-8C902736D20D}.Release|x86.ActiveCfg = Release|Win32
		{9C57D142-C81C-4C3B-BBF9-8C902736D20D}.Release|x86.Build.0 = Release|Win32
		{EB32AB21-E18F-4BF0-9B09-550A6FE50B5A}.Debug|x64.ActiveCfg = Debug|x64
		{EB32AB21-E18F-4BF0-9B09-550A6FE50B5A}.Debug|x64.Build.0 = Debug|x64
		{EB32AB21-E18F-4BF0-9B09-550A6FE50B5A}.Debug|x86.ActiveCfg = Debug|Win32
		{EB32AB21-E18F-4BF0-9B09-550A6FE50B5A}.Debug|x86.Build.0 = Debug|Win32
		{EB32AB21-E18F-4BF0-9B09-550A6FE50B5A}.Release|x64.ActiveCfg = Release|x64
		{EB32AB21-E18F-4BF0-9B09-550A6FE50B5A}.Release|x64.Build.0 = Release|x64
		{EB32AB21-E18F-4BF0-9B09-550A6FE50B5A}.Release|x86.ActiveCfg = Release|Win32
		{EB32AB21-E18F-4BF0-9B09-550A6FE50B5A}.Release|x86.Build.0 = Release|Win32
		{31CB7F98-4B16-4032-81EE-1200C3BBAB60}.Debug|x64.ActiveCfg = Debug|x64
		{31CB7F98-4B16-4032-81EE-1200C3BBAB60}.Debug|x64.Build.0 = Debug|x64
		{31CB7F98-4B16-4032-81EE-1200C3BBAB60}.Debug|x86.ActiveCfg = Debug|Win32
		{31CB7F98-4B16-4032-81EE-1200C3BBAB60}.Debug|x86.Build.0 = Debug|Win32
		{31CB7F98-4B16-4032-81EE-1200C3BBAB60}.Release|x64.ActiveCfg = Release|x64
		{31CB7F98-4B16-4032-81EE-1200C3BBAB60}.Release|x64.Build.0 = Release|x64
		{31CB7F98-4B16-4032-81EE-1200C3BBAB60}.Release|x86.ActiveCfg = Release|Win32
		{31CB7F98-4B16-4032-81EE-1200C3BBAB60}.Release|x86.Build.0 = Release|Win32
	EndGlobalSection
	GlobalSection(SolutionProperties) = preSolution
		HideSolutionNode = FALSE
	EndGlobalSection
	GlobalSection(NestedProjects) = preSolution
		{5A10C048-6ECF-4A57-8362-FEE86070B01A} = {27432F65-041D-485C-9F17-39B0C2B84661}
		{6B7227AB-0D2C-46ED-AFD5-BFB24A30B413} = {27432F65-041D-485C-9F17-39B0C2B84661}
		{227A6852-DE6A-4A5B-B93B-2EC8EFC96B72} = {27432F65-041D-485C-9F17-39B0C2B84661}
		{A4A50D57-E977-4ECA-9E25-4EAE00E1A550} = {27432F65-041D-485C-9F17-39B0C2B84661}
		{A1E2053A-0F8A-4E78-87EC-25433BC16EDF} = {2D49E1B3-F4E2-4FF2-8482-AAE118D59CEA}
		{F0561FF7-9339-43C5-8942-FA6AC4F13233} = {2D49E1B3-F4E2-4FF2-8482-AAE118D59CEA}
		{179255ED-E547-44A4-AD68-59446DC7193B} = {2D49E1B3-F4E2-4FF2-8482-AAE118D59CEA}
		{CE87E773-C5D6-4695-BCFF-4445EB9EB747} = {2D49E1B3-F4E2-4FF2-8482-AAE118D59CEA}
		{9C57D142-C81C-4C3B-BBF9-8C902736D20D} = {2D49E1B3-F4E2-4FF2-8482-AAE118D59CEA}
		{EB32AB21-E18F-4BF0-9B09-550A6FE50B5A} = {2D49E1B3-F4E2-4FF2-8482-AAE118D59CEA}
		{31CB7F98-4B16-4032-81EE-1200C3BBAB60} = {2D49E1B3-F4E2-4FF2-8482-AAE118D59CEA}
	EndGlobalSection
	GlobalSection(ExtensibilityGlobals) = postSolution
		SolutionGuid = {2DF14580-95EC-4BF6-AB9E-B86BBA01D1F2}
	EndGlobalSection
EndGlobal
