
Microsoft Visual Studio Solution File, Format Version 12.00
# Visual Studio Version 16
VisualStudioVersion = 16.0.31624.102
MinimumVisualStudioVersion = 10.0.40219.1
Project("{8BC9CEB8-8B4A-11D0-8D11-00A0C91BC942}") = "File", "Project1\Project1.vcxproj", "{5A10C048-6ECF-4A57-8362-FEE86070B01A}"
EndProject
Project("{8BC9CEB8-8B4A-11D0-8D11-00A0C91BC942}") = "Project2", "Project2\Project2.vcxproj", "{DBEF66C8-344F-4326-AEF6-645D656EB7F8}"
EndProject
Project("{2150E333-8FDC-42A3-9474-1A3956D46DE8}") = "C", "C", "{27432F65-041D-485C-9F17-39B0C2B84661}"
EndProject
Project("{2150E333-8FDC-42A3-9474-1A3956D46DE8}") = "C++", "C++", "{2D49E1B3-F4E2-4FF2-8482-AAE118D59CEA}"
EndProject
Global
	GlobalSection(SolutionConfigurationPlatforms) = preSolution
		Debug|x64 = Debug|x64
		Debug|x86 = Debug|x86
		Release|x64 = Release|x64
		Release|x86 = Release|x86
	EndGlobalSection
	GlobalSection(ProjectConfigurationPlatforms) = postSolution
		{5A10C048-6ECF-4A57-8362-FEE86070B01A}.Debug|x64.ActiveCfg = Debug|x64
		{5A10C048-6ECF-4A57-8362-FEE86070B01A}.Debug|x64.Build.0 = Debug|x64
		{5A10C048-6ECF-4A57-8362-FEE86070B01A}.Debug|x86.ActiveCfg = Debug|Win32
		{5A10C048-6ECF-4A57-8362-FEE86070B01A}.Debug|x86.Build.0 = Debug|Win32
		{5A10C048-6ECF-4A57-8362-FEE86070B01A}.Release|x64.ActiveCfg = Release|x64
		{5A10C048-6ECF-4A57-8362-FEE86070B01A}.Release|x64.Build.0 = Release|x64
		{5A10C048-6ECF-4A57-8362-FEE86070B01A}.Release|x86.ActiveCfg = Release|Win32
		{5A10C048-6ECF-4A57-8362-FEE86070B01A}.Release|x86.Build.0 = Release|Win32
		{DBEF66C8-344F-4326-AEF6-645D656EB7F8}.Debug|x64.ActiveCfg = Debug|x64
		{DBEF66C8-344F-4326-AEF6-645D656EB7F8}.Debug|x64.Build.0 = Debug|x64
		{DBEF66C8-344F-4326-AEF6-645D656EB7F8}.Debug|x86.ActiveCfg = Debug|Win32
		{DBEF66C8-344F-4326-AEF6-645D656EB7F8}.Debug|x86.Build.0 = Debug|Win32
		{DBEF66C8-344F-4326-AEF6-645D656EB7F8}.Release|x64.ActiveCfg = Release|x64
		{DBEF66C8-344F-4326-AEF6-645D656EB7F8}.Release|x64.Build.0 = Release|x64
		{DBEF66C8-344F-4326-AEF6-645D656EB7F8}.Release|x86.ActiveCfg = Release|Win32
		{DBEF66C8-344F-4326-AEF6-645D656EB7F8}.Release|x86.Build.0 = Release|Win32
	EndGlobalSection
	GlobalSection(SolutionProperties) = preSolution
		HideSolutionNode = FALSE
	EndGlobalSection
	GlobalSection(NestedProjects) = preSolution
		{5A10C048-6ECF-4A57-8362-FEE86070B01A} = {27432F65-041D-485C-9F17-39B0C2B84661}
		{DBEF66C8-344F-4326-AEF6-645D656EB7F8} = {27432F65-041D-485C-9F17-39B0C2B84661}
	EndGlobalSection
	GlobalSection(ExtensibilityGlobals) = postSolution
		SolutionGuid = {2DF14580-95EC-4BF6-AB9E-B86BBA01D1F2}
	EndGlobalSection
EndGlobal
