
Microsoft Visual Studio Solution File, Format Version 12.00
# Visual Studio Version 16
VisualStudioVersion = 16.0.31624.102
MinimumVisualStudioVersion = 10.0.40219.1
Project("{2150E333-8FDC-42A3-9474-1A3956D46DE8}") = "C", "C", "{27432F65-041D-485C-9F17-39B0C2B84661}"
EndProject
Project("{2150E333-8FDC-42A3-9474-1A3956D46DE8}") = "C++", "C++", "{2D49E1B3-F4E2-4FF2-8482-AAE118D59CEA}"
EndProject
Project("{8BC9CEB8-8B4A-11D0-8D11-00A0C91BC942}") = "LinkedList_0", "LinkedList_0\LinkedList_0.vcxproj", "{6B7227AB-0D2C-46ED-AFD5-BFB24A30B413}"
EndProject
Project("{8BC9CEB8-8B4A-11D0-8D11-00A0C91BC942}") = "LinkedList_1", "LinkedList_1\LinkedList_1.vcxproj", "{227A6852-DE6A-4A5B-B93B-2EC8EFC96B72}"
EndProject
Project("{8BC9CEB8-8B4A-11D0-8D11-00A0C91BC942}") = "LinkedList_1_1", "LinkedList_1_1\LinkedList_1_1.vcxproj", "{A4A50D57-E977-4ECA-9E25-4EAE00E1A550}"
EndProject
Project("{8BC9CEB8-8B4A-11D0-8D11-00A0C91BC942}") = "Student", "Student\Student.vcxproj", "{F0561FF7-9339-43C5-8942-FA6AC4F13233}"
EndProject
Project("{8BC9CEB8-8B4A-11D0-8D11-00A0C91BC942}") = "OperatorSample", "OperatorSample\OperatorSample.vcxproj", "{CE87E773-C5D6-4695-BCFF-4445EB9EB747}"
EndProject
Project("{8BC9CEB8-8B4A-11D0-8D11-00A0C91BC942}") = "StudentSample2", "StudentSample2\StudentSample2.vcxproj", "{9C57D142-C81C-4C3B-BBF9-8C902736D20D}"
EndProject
Project("{8BC9CEB8-8B4A-11D0-8D11-00A0C91BC942}") = "Const", "Const\Const.vcxproj", "{31CB7F98-4B16-4032-81EE-1200C3BBAB60}"
EndProject
Project("{8BC9CEB8-8B4A-11D0-8D11-00A0C91BC942}") = "GradeManagement", "Studen_1\Studen_1.vcxproj", "{9FFBC803-3D18-469A-A85D-57197361C49F}"
EndProject
Project("{8BC9CEB8-8B4A-11D0-8D11-00A0C91BC942}") = "GradeManagement_2", "GradeManagement_2\GradeManagement_2.vcxproj", "{BF33FBD8-D916-41B4-9D51-D16307A81F49}"
EndProject
Project("{8BC9CEB8-8B4A-11D0-8D11-00A0C91BC942}") = "StudentSample", "StudentSample\StudentSample.vcxproj", "{9D49687C-630B-424C-8E83-D0B8C9A8B230}"
EndProject
Project("{8BC9CEB8-8B4A-11D0-8D11-00A0C91BC942}") = "LinkedList", "LinkedList\LinkedList.vcxproj", "{928E5226-3770-482E-9AFD-C7377AACC327}"
EndProject
Project("{8BC9CEB8-8B4A-11D0-8D11-00A0C91BC942}") = "StudentSample3", "StudentSample3\StudentSample3.vcxproj", "{FAB90A11-50AD-4278-9B9C-D4F550ECB62C}"
EndProject
Project("{8BC9CEB8-8B4A-11D0-8D11-00A0C91BC942}") = "LinkedList1(x)", "LinkedList1\LinkedList1.vcxproj", "{69B914B6-66FC-4A60-A7CF-35B66893D5C6}"
EndProject
Project("{2150E333-8FDC-42A3-9474-1A3956D46DE8}") = "reference Source", "reference Source", "{67AAD136-09D6-42A2-A24E-D6F3A666036C}"
EndProject
Project("{8BC9CEB8-8B4A-11D0-8D11-00A0C91BC942}") = "LinkedList2", "LinkedList2\LinkedList2.vcxproj", "{6B07ACD3-C35F-4626-9A59-5AAF24ED0837}"
EndProject
Project("{2150E333-8FDC-42A3-9474-1A3956D46DE8}") = "DataSturucture", "DataSturucture", "{258B8B04-E4BA-4ECE-AB40-1BBE57FA9A79}"
EndProject
Project("{8BC9CEB8-8B4A-11D0-8D11-00A0C91BC942}") = "Sort", "Sort\Sort.vcxproj", "{1DFD6D5B-5968-422D-9BB7-55FA1826F80B}"
EndProject
Project("{8BC9CEB8-8B4A-11D0-8D11-00A0C91BC942}") = "SelectionSort", "SelectioSort\SelectioSort.vcxproj", "{5FD46F63-9746-4DAC-A998-CFB55598A2F2}"
EndProject
Project("{8BC9CEB8-8B4A-11D0-8D11-00A0C91BC942}") = "BubbleSort(X)", "BubbleSort\BubbleSort.vcxproj", "{2B3671F7-6079-491E-BD8A-F12DD9BCD829}"
EndProject
Project("{8BC9CEB8-8B4A-11D0-8D11-00A0C91BC942}") = "RecursiveCall", "RecursiveCall\RecursiveCall.vcxproj", "{398463BE-BFA9-4126-A4A4-DEF0AD81B692}"
EndProject
Project("{8BC9CEB8-8B4A-11D0-8D11-00A0C91BC942}") = "BinarySearch", "BinarySearch\BinarySearch.vcxproj", "{9650E3D3-E47C-4D47-B064-F33914F9B628}"
EndProject
Project("{8BC9CEB8-8B4A-11D0-8D11-00A0C91BC942}") = "Queue", "Queue\Queue.vcxproj", "{96DD6D9E-2020-4DDB-AB58-18792796ECD2}"
EndProject
Global
	GlobalSection(SolutionConfigurationPlatforms) = preSolution
		Debug|x64 = Debug|x64
		Debug|x86 = Debug|x86
		Release|x64 = Release|x64
		Release|x86 = Release|x86
	EndGlobalSection
	GlobalSection(ProjectConfigurationPlatforms) = postSolution
		{6B7227AB-0D2C-46ED-AFD5-BFB24A30B413}.Debug|x64.ActiveCfg = Debug|x64
		{6B7227AB-0D2C-46ED-AFD5-BFB24A30B413}.Debug|x64.Build.0 = Debug|x64
		{6B7227AB-0D2C-46ED-AFD5-BFB24A30B413}.Debug|x86.ActiveCfg = Debug|Win32
		{6B7227AB-0D2C-46ED-AFD5-BFB24A30B413}.Debug|x86.Build.0 = Debug|Win32
		{6B7227AB-0D2C-46ED-AFD5-BFB24A30B413}.Release|x64.ActiveCfg = Release|x64
		{6B7227AB-0D2C-46ED-AFD5-BFB24A30B413}.Release|x64.Build.0 = Release|x64
		{6B7227AB-0D2C-46ED-AFD5-BFB24A30B413}.Release|x86.ActiveCfg = Release|Win32
		{6B7227AB-0D2C-46ED-AFD5-BFB24A30B413}.Release|x86.Build.0 = Release|Win32
		{227A6852-DE6A-4A5B-B93B-2EC8EFC96B72}.Debug|x64.ActiveCfg = Debug|x64
		{227A6852-DE6A-4A5B-B93B-2EC8EFC96B72}.Debug|x64.Build.0 = Debug|x64
		{227A6852-DE6A-4A5B-B93B-2EC8EFC96B72}.Debug|x86.ActiveCfg = Debug|Win32
		{227A6852-DE6A-4A5B-B93B-2EC8EFC96B72}.Debug|x86.Build.0 = Debug|Win32
		{227A6852-DE6A-4A5B-B93B-2EC8EFC96B72}.Release|x64.ActiveCfg = Release|x64
		{227A6852-DE6A-4A5B-B93B-2EC8EFC96B72}.Release|x64.Build.0 = Release|x64
		{227A6852-DE6A-4A5B-B93B-2EC8EFC96B72}.Release|x86.ActiveCfg = Release|Win32
		{227A6852-DE6A-4A5B-B93B-2EC8EFC96B72}.Release|x86.Build.0 = Release|Win32
		{A4A50D57-E977-4ECA-9E25-4EAE00E1A550}.Debug|x64.ActiveCfg = Debug|x64
		{A4A50D57-E977-4ECA-9E25-4EAE00E1A550}.Debug|x64.Build.0 = Debug|x64
		{A4A50D57-E977-4ECA-9E25-4EAE00E1A550}.Debug|x86.ActiveCfg = Debug|Win32
		{A4A50D57-E977-4ECA-9E25-4EAE00E1A550}.Debug|x86.Build.0 = Debug|Win32
		{A4A50D57-E977-4ECA-9E25-4EAE00E1A550}.Release|x64.ActiveCfg = Release|x64
		{A4A50D57-E977-4ECA-9E25-4EAE00E1A550}.Release|x64.Build.0 = Release|x64
		{A4A50D57-E977-4ECA-9E25-4EAE00E1A550}.Release|x86.ActiveCfg = Release|Win32
		{A4A50D57-E977-4ECA-9E25-4EAE00E1A550}.Release|x86.Build.0 = Release|Win32
		{F0561FF7-9339-43C5-8942-FA6AC4F13233}.Debug|x64.ActiveCfg = Debug|x64
		{F0561FF7-9339-43C5-8942-FA6AC4F13233}.Debug|x64.Build.0 = Debug|x64
		{F0561FF7-9339-43C5-8942-FA6AC4F13233}.Debug|x86.ActiveCfg = Debug|Win32
		{F0561FF7-9339-43C5-8942-FA6AC4F13233}.Debug|x86.Build.0 = Debug|Win32
		{F0561FF7-9339-43C5-8942-FA6AC4F13233}.Release|x64.ActiveCfg = Release|x64
		{F0561FF7-9339-43C5-8942-FA6AC4F13233}.Release|x64.Build.0 = Release|x64
		{F0561FF7-9339-43C5-8942-FA6AC4F13233}.Release|x86.ActiveCfg = Release|Win32
		{F0561FF7-9339-43C5-8942-FA6AC4F13233}.Release|x86.Build.0 = Release|Win32
		{CE87E773-C5D6-4695-BCFF-4445EB9EB747}.Debug|x64.ActiveCfg = Debug|x64
		{CE87E773-C5D6-4695-BCFF-4445EB9EB747}.Debug|x64.Build.0 = Debug|x64
		{CE87E773-C5D6-4695-BCFF-4445EB9EB747}.Debug|x86.ActiveCfg = Debug|Win32
		{CE87E773-C5D6-4695-BCFF-4445EB9EB747}.Debug|x86.Build.0 = Debug|Win32
		{CE87E773-C5D6-4695-BCFF-4445EB9EB747}.Release|x64.ActiveCfg = Release|x64
		{CE87E773-C5D6-4695-BCFF-4445EB9EB747}.Release|x64.Build.0 = Release|x64
		{CE87E773-C5D6-4695-BCFF-4445EB9EB747}.Release|x86.ActiveCfg = Release|Win32
		{CE87E773-C5D6-4695-BCFF-4445EB9EB747}.Release|x86.Build.0 = Release|Win32
		{9C57D142-C81C-4C3B-BBF9-8C902736D20D}.Debug|x64.ActiveCfg = Debug|x64
		{9C57D142-C81C-4C3B-BBF9-8C902736D20D}.Debug|x64.Build.0 = Debug|x64
		{9C57D142-C81C-4C3B-BBF9-8C902736D20D}.Debug|x86.ActiveCfg = Debug|Win32
		{9C57D142-C81C-4C3B-BBF9-8C902736D20D}.Debug|x86.Build.0 = Debug|Win32
		{9C57D142-C81C-4C3B-BBF9-8C902736D20D}.Release|x64.ActiveCfg = Release|x64
		{9C57D142-C81C-4C3B-BBF9-8C902736D20D}.Release|x64.Build.0 = Release|x64
		{9C57D142-C81C-4C3B-BBF9-8C902736D20D}.Release|x86.ActiveCfg = Release|Win32
		{9C57D142-C81C-4C3B-BBF9-8C902736D20D}.Release|x86.Build.0 = Release|Win32
		{31CB7F98-4B16-4032-81EE-1200C3BBAB60}.Debug|x64.ActiveCfg = Debug|x64
		{31CB7F98-4B16-4032-81EE-1200C3BBAB60}.Debug|x64.Build.0 = Debug|x64
		{31CB7F98-4B16-4032-81EE-1200C3BBAB60}.Debug|x86.ActiveCfg = Debug|Win32
		{31CB7F98-4B16-4032-81EE-1200C3BBAB60}.Debug|x86.Build.0 = Debug|Win32
		{31CB7F98-4B16-4032-81EE-1200C3BBAB60}.Release|x64.ActiveCfg = Release|x64
		{31CB7F98-4B16-4032-81EE-1200C3BBAB60}.Release|x64.Build.0 = Release|x64
		{31CB7F98-4B16-4032-81EE-1200C3BBAB60}.Release|x86.ActiveCfg = Release|Win32
		{31CB7F98-4B16-4032-81EE-1200C3BBAB60}.Release|x86.Build.0 = Release|Win32
		{9FFBC803-3D18-469A-A85D-57197361C49F}.Debug|x64.ActiveCfg = Debug|x64
		{9FFBC803-3D18-469A-A85D-57197361C49F}.Debug|x64.Build.0 = Debug|x64
		{9FFBC803-3D18-469A-A85D-57197361C49F}.Debug|x86.ActiveCfg = Debug|Win32
		{9FFBC803-3D18-469A-A85D-57197361C49F}.Debug|x86.Build.0 = Debug|Win32
		{9FFBC803-3D18-469A-A85D-57197361C49F}.Release|x64.ActiveCfg = Release|x64
		{9FFBC803-3D18-469A-A85D-57197361C49F}.Release|x64.Build.0 = Release|x64
		{9FFBC803-3D18-469A-A85D-57197361C49F}.Release|x86.ActiveCfg = Release|Win32
		{9FFBC803-3D18-469A-A85D-57197361C49F}.Release|x86.Build.0 = Release|Win32
		{BF33FBD8-D916-41B4-9D51-D16307A81F49}.Debug|x64.ActiveCfg = Debug|x64
		{BF33FBD8-D916-41B4-9D51-D16307A81F49}.Debug|x64.Build.0 = Debug|x64
		{BF33FBD8-D916-41B4-9D51-D16307A81F49}.Debug|x86.ActiveCfg = Debug|Win32
		{BF33FBD8-D916-41B4-9D51-D16307A81F49}.Debug|x86.Build.0 = Debug|Win32
		{BF33FBD8-D916-41B4-9D51-D16307A81F49}.Release|x64.ActiveCfg = Release|x64
		{BF33FBD8-D916-41B4-9D51-D16307A81F49}.Release|x64.Build.0 = Release|x64
		{BF33FBD8-D916-41B4-9D51-D16307A81F49}.Release|x86.ActiveCfg = Release|Win32
		{BF33FBD8-D916-41B4-9D51-D16307A81F49}.Release|x86.Build.0 = Release|Win32
		{9D49687C-630B-424C-8E83-D0B8C9A8B230}.Debug|x64.ActiveCfg = Debug|x64
		{9D49687C-630B-424C-8E83-D0B8C9A8B230}.Debug|x64.Build.0 = Debug|x64
		{9D49687C-630B-424C-8E83-D0B8C9A8B230}.Debug|x86.ActiveCfg = Debug|Win32
		{9D49687C-630B-424C-8E83-D0B8C9A8B230}.Debug|x86.Build.0 = Debug|Win32
		{9D49687C-630B-424C-8E83-D0B8C9A8B230}.Release|x64.ActiveCfg = Release|x64
		{9D49687C-630B-424C-8E83-D0B8C9A8B230}.Release|x64.Build.0 = Release|x64
		{9D49687C-630B-424C-8E83-D0B8C9A8B230}.Release|x86.ActiveCfg = Release|Win32
		{9D49687C-630B-424C-8E83-D0B8C9A8B230}.Release|x86.Build.0 = Release|Win32
		{928E5226-3770-482E-9AFD-C7377AACC327}.Debug|x64.ActiveCfg = Debug|x64
		{928E5226-3770-482E-9AFD-C7377AACC327}.Debug|x64.Build.0 = Debug|x64
		{928E5226-3770-482E-9AFD-C7377AACC327}.Debug|x86.ActiveCfg = Debug|Win32
		{928E5226-3770-482E-9AFD-C7377AACC327}.Debug|x86.Build.0 = Debug|Win32
		{928E5226-3770-482E-9AFD-C7377AACC327}.Release|x64.ActiveCfg = Release|x64
		{928E5226-3770-482E-9AFD-C7377AACC327}.Release|x64.Build.0 = Release|x64
		{928E5226-3770-482E-9AFD-C7377AACC327}.Release|x86.ActiveCfg = Release|Win32
		{928E5226-3770-482E-9AFD-C7377AACC327}.Release|x86.Build.0 = Release|Win32
		{FAB90A11-50AD-4278-9B9C-D4F550ECB62C}.Debug|x64.ActiveCfg = Debug|x64
		{FAB90A11-50AD-4278-9B9C-D4F550ECB62C}.Debug|x64.Build.0 = Debug|x64
		{FAB90A11-50AD-4278-9B9C-D4F550ECB62C}.Debug|x86.ActiveCfg = Debug|Win32
		{FAB90A11-50AD-4278-9B9C-D4F550ECB62C}.Debug|x86.Build.0 = Debug|Win32
		{FAB90A11-50AD-4278-9B9C-D4F550ECB62C}.Release|x64.ActiveCfg = Release|x64
		{FAB90A11-50AD-4278-9B9C-D4F550ECB62C}.Release|x64.Build.0 = Release|x64
		{FAB90A11-50AD-4278-9B9C-D4F550ECB62C}.Release|x86.ActiveCfg = Release|Win32
		{FAB90A11-50AD-4278-9B9C-D4F550ECB62C}.Release|x86.Build.0 = Release|Win32
		{69B914B6-66FC-4A60-A7CF-35B66893D5C6}.Debug|x64.ActiveCfg = Debug|x64
		{69B914B6-66FC-4A60-A7CF-35B66893D5C6}.Debug|x64.Build.0 = Debug|x64
		{69B914B6-66FC-4A60-A7CF-35B66893D5C6}.Debug|x86.ActiveCfg = Debug|Win32
		{69B914B6-66FC-4A60-A7CF-35B66893D5C6}.Debug|x86.Build.0 = Debug|Win32
		{69B914B6-66FC-4A60-A7CF-35B66893D5C6}.Release|x64.ActiveCfg = Release|x64
		{69B914B6-66FC-4A60-A7CF-35B66893D5C6}.Release|x64.Build.0 = Release|x64
		{69B914B6-66FC-4A60-A7CF-35B66893D5C6}.Release|x86.ActiveCfg = Release|Win32
		{69B914B6-66FC-4A60-A7CF-35B66893D5C6}.Release|x86.Build.0 = Release|Win32
		{6B07ACD3-C35F-4626-9A59-5AAF24ED0837}.Debug|x64.ActiveCfg = Debug|x64
		{6B07ACD3-C35F-4626-9A59-5AAF24ED0837}.Debug|x64.Build.0 = Debug|x64
		{6B07ACD3-C35F-4626-9A59-5AAF24ED0837}.Debug|x86.ActiveCfg = Debug|Win32
		{6B07ACD3-C35F-4626-9A59-5AAF24ED0837}.Debug|x86.Build.0 = Debug|Win32
		{6B07ACD3-C35F-4626-9A59-5AAF24ED0837}.Release|x64.ActiveCfg = Release|x64
		{6B07ACD3-C35F-4626-9A59-5AAF24ED0837}.Release|x64.Build.0 = Release|x64
		{6B07ACD3-C35F-4626-9A59-5AAF24ED0837}.Release|x86.ActiveCfg = Release|Win32
		{6B07ACD3-C35F-4626-9A59-5AAF24ED0837}.Release|x86.Build.0 = Release|Win32
		{1DFD6D5B-5968-422D-9BB7-55FA1826F80B}.Debug|x64.ActiveCfg = Debug|x64
		{1DFD6D5B-5968-422D-9BB7-55FA1826F80B}.Debug|x64.Build.0 = Debug|x64
		{1DFD6D5B-5968-422D-9BB7-55FA1826F80B}.Debug|x86.ActiveCfg = Debug|Win32
		{1DFD6D5B-5968-422D-9BB7-55FA1826F80B}.Debug|x86.Build.0 = Debug|Win32
		{1DFD6D5B-5968-422D-9BB7-55FA1826F80B}.Release|x64.ActiveCfg = Release|x64
		{1DFD6D5B-5968-422D-9BB7-55FA1826F80B}.Release|x64.Build.0 = Release|x64
		{1DFD6D5B-5968-422D-9BB7-55FA1826F80B}.Release|x86.ActiveCfg = Release|Win32
		{1DFD6D5B-5968-422D-9BB7-55FA1826F80B}.Release|x86.Build.0 = Release|Win32
		{5FD46F63-9746-4DAC-A998-CFB55598A2F2}.Debug|x64.ActiveCfg = Debug|x64
		{5FD46F63-9746-4DAC-A998-CFB55598A2F2}.Debug|x64.Build.0 = Debug|x64
		{5FD46F63-9746-4DAC-A998-CFB55598A2F2}.Debug|x86.ActiveCfg = Debug|Win32
		{5FD46F63-9746-4DAC-A998-CFB55598A2F2}.Debug|x86.Build.0 = Debug|Win32
		{5FD46F63-9746-4DAC-A998-CFB55598A2F2}.Release|x64.ActiveCfg = Release|x64
		{5FD46F63-9746-4DAC-A998-CFB55598A2F2}.Release|x64.Build.0 = Release|x64
		{5FD46F63-9746-4DAC-A998-CFB55598A2F2}.Release|x86.ActiveCfg = Release|Win32
		{5FD46F63-9746-4DAC-A998-CFB55598A2F2}.Release|x86.Build.0 = Release|Win32
		{2B3671F7-6079-491E-BD8A-F12DD9BCD829}.Debug|x64.ActiveCfg = Debug|x64
		{2B3671F7-6079-491E-BD8A-F12DD9BCD829}.Debug|x64.Build.0 = Debug|x64
		{2B3671F7-6079-491E-BD8A-F12DD9BCD829}.Debug|x86.ActiveCfg = Debug|Win32
		{2B3671F7-6079-491E-BD8A-F12DD9BCD829}.Debug|x86.Build.0 = Debug|Win32
		{2B3671F7-6079-491E-BD8A-F12DD9BCD829}.Release|x64.ActiveCfg = Release|x64
		{2B3671F7-6079-491E-BD8A-F12DD9BCD829}.Release|x64.Build.0 = Release|x64
		{2B3671F7-6079-491E-BD8A-F12DD9BCD829}.Release|x86.ActiveCfg = Release|Win32
		{2B3671F7-6079-491E-BD8A-F12DD9BCD829}.Release|x86.Build.0 = Release|Win32
		{398463BE-BFA9-4126-A4A4-DEF0AD81B692}.Debug|x64.ActiveCfg = Debug|x64
		{398463BE-BFA9-4126-A4A4-DEF0AD81B692}.Debug|x64.Build.0 = Debug|x64
		{398463BE-BFA9-4126-A4A4-DEF0AD81B692}.Debug|x86.ActiveCfg = Debug|Win32
		{398463BE-BFA9-4126-A4A4-DEF0AD81B692}.Debug|x86.Build.0 = Debug|Win32
		{398463BE-BFA9-4126-A4A4-DEF0AD81B692}.Release|x64.ActiveCfg = Release|x64
		{398463BE-BFA9-4126-A4A4-DEF0AD81B692}.Release|x64.Build.0 = Release|x64
		{398463BE-BFA9-4126-A4A4-DEF0AD81B692}.Release|x86.ActiveCfg = Release|Win32
		{398463BE-BFA9-4126-A4A4-DEF0AD81B692}.Release|x86.Build.0 = Release|Win32
		{9650E3D3-E47C-4D47-B064-F33914F9B628}.Debug|x64.ActiveCfg = Debug|x64
		{9650E3D3-E47C-4D47-B064-F33914F9B628}.Debug|x64.Build.0 = Debug|x64
		{9650E3D3-E47C-4D47-B064-F33914F9B628}.Debug|x86.ActiveCfg = Debug|Win32
		{9650E3D3-E47C-4D47-B064-F33914F9B628}.Debug|x86.Build.0 = Debug|Win32
		{9650E3D3-E47C-4D47-B064-F33914F9B628}.Release|x64.ActiveCfg = Release|x64
		{9650E3D3-E47C-4D47-B064-F33914F9B628}.Release|x64.Build.0 = Release|x64
		{9650E3D3-E47C-4D47-B064-F33914F9B628}.Release|x86.ActiveCfg = Release|Win32
		{9650E3D3-E47C-4D47-B064-F33914F9B628}.Release|x86.Build.0 = Release|Win32
		{96DD6D9E-2020-4DDB-AB58-18792796ECD2}.Debug|x64.ActiveCfg = Debug|x64
		{96DD6D9E-2020-4DDB-AB58-18792796ECD2}.Debug|x64.Build.0 = Debug|x64
		{96DD6D9E-2020-4DDB-AB58-18792796ECD2}.Debug|x86.ActiveCfg = Debug|Win32
		{96DD6D9E-2020-4DDB-AB58-18792796ECD2}.Debug|x86.Build.0 = Debug|Win32
		{96DD6D9E-2020-4DDB-AB58-18792796ECD2}.Release|x64.ActiveCfg = Release|x64
		{96DD6D9E-2020-4DDB-AB58-18792796ECD2}.Release|x64.Build.0 = Release|x64
		{96DD6D9E-2020-4DDB-AB58-18792796ECD2}.Release|x86.ActiveCfg = Release|Win32
		{96DD6D9E-2020-4DDB-AB58-18792796ECD2}.Release|x86.Build.0 = Release|Win32
	EndGlobalSection
	GlobalSection(SolutionProperties) = preSolution
		HideSolutionNode = FALSE
	EndGlobalSection
	GlobalSection(NestedProjects) = preSolution
		{6B7227AB-0D2C-46ED-AFD5-BFB24A30B413} = {27432F65-041D-485C-9F17-39B0C2B84661}
		{227A6852-DE6A-4A5B-B93B-2EC8EFC96B72} = {27432F65-041D-485C-9F17-39B0C2B84661}
		{A4A50D57-E977-4ECA-9E25-4EAE00E1A550} = {27432F65-041D-485C-9F17-39B0C2B84661}
		{F0561FF7-9339-43C5-8942-FA6AC4F13233} = {2D49E1B3-F4E2-4FF2-8482-AAE118D59CEA}
		{CE87E773-C5D6-4695-BCFF-4445EB9EB747} = {2D49E1B3-F4E2-4FF2-8482-AAE118D59CEA}
		{9C57D142-C81C-4C3B-BBF9-8C902736D20D} = {2D49E1B3-F4E2-4FF2-8482-AAE118D59CEA}
		{31CB7F98-4B16-4032-81EE-1200C3BBAB60} = {2D49E1B3-F4E2-4FF2-8482-AAE118D59CEA}
		{9FFBC803-3D18-469A-A85D-57197361C49F} = {2D49E1B3-F4E2-4FF2-8482-AAE118D59CEA}
		{BF33FBD8-D916-41B4-9D51-D16307A81F49} = {2D49E1B3-F4E2-4FF2-8482-AAE118D59CEA}
		{9D49687C-630B-424C-8E83-D0B8C9A8B230} = {2D49E1B3-F4E2-4FF2-8482-AAE118D59CEA}
		{928E5226-3770-482E-9AFD-C7377AACC327} = {2D49E1B3-F4E2-4FF2-8482-AAE118D59CEA}
		{FAB90A11-50AD-4278-9B9C-D4F550ECB62C} = {2D49E1B3-F4E2-4FF2-8482-AAE118D59CEA}
		{69B914B6-66FC-4A60-A7CF-35B66893D5C6} = {67AAD136-09D6-42A2-A24E-D6F3A666036C}
		{6B07ACD3-C35F-4626-9A59-5AAF24ED0837} = {67AAD136-09D6-42A2-A24E-D6F3A666036C}
		{1DFD6D5B-5968-422D-9BB7-55FA1826F80B} = {27432F65-041D-485C-9F17-39B0C2B84661}
		{5FD46F63-9746-4DAC-A998-CFB55598A2F2} = {258B8B04-E4BA-4ECE-AB40-1BBE57FA9A79}
		{2B3671F7-6079-491E-BD8A-F12DD9BCD829} = {258B8B04-E4BA-4ECE-AB40-1BBE57FA9A79}
		{398463BE-BFA9-4126-A4A4-DEF0AD81B692} = {258B8B04-E4BA-4ECE-AB40-1BBE57FA9A79}
		{9650E3D3-E47C-4D47-B064-F33914F9B628} = {258B8B04-E4BA-4ECE-AB40-1BBE57FA9A79}
		{96DD6D9E-2020-4DDB-AB58-18792796ECD2} = {258B8B04-E4BA-4ECE-AB40-1BBE57FA9A79}
	EndGlobalSection
	GlobalSection(ExtensibilityGlobals) = postSolution
		SolutionGuid = {2DF14580-95EC-4BF6-AB9E-B86BBA01D1F2}
	EndGlobalSection
EndGlobal
