<?xml version="1.0" encoding="utf-8"?>
<Project ToolsVersion="4.0" xmlns="http://schemas.microsoft.com/developer/msbuild/2003">
  <ItemGroup>
    <ClCompile Include="EffectObj.cpp">
      <Filter>소스 파일</Filter>
    </ClCompile>
    <ClCompile Include="IntroWorld.cpp">
      <Filter>소스 파일</Filter>
    </ClCompile>
    <ClCompile Include="LoginWorld.cpp">
      <Filter>소스 파일</Filter>
    </ClCompile>
    <ClCompile Include="ObjectNpc2D.cpp">
      <Filter>소스 파일</Filter>
    </ClCompile>
    <ClCompile Include="PlayerObj2D.cpp">
      <Filter>소스 파일</Filter>
    </ClCompile>
    <ClCompile Include="Sample.cpp">
      <Filter>소스 파일</Filter>
    </ClCompile>
    <ClCompile Include="Sprite.cpp">
      <Filter>소스 파일</Filter>
    </ClCompile>
    <ClCompile Include="UIModelMgr.cpp">
      <Filter>소스 파일</Filter>
    </ClCompile>
    <ClCompile Include="UIObject.cpp">
      <Filter>소스 파일</Filter>
    </ClCompile>
    <ClCompile Include="ZoneWorld.cpp">
      <Filter>소스 파일</Filter>
    </ClCompile>
  </ItemGroup>
  <ItemGroup>
    <ClInclude Include="IntroWorld.h">
      <Filter>헤더 파일</Filter>
    </ClInclude>
    <ClInclude Include="EffectObj.h">
      <Filter>헤더 파일</Filter>
    </ClInclude>
    <ClInclude Include="ObjectNpc2D.h">
      <Filter>헤더 파일</Filter>
    </ClInclude>
    <ClInclude Include="PlayerObj2D.h">
      <Filter>헤더 파일</Filter>
    </ClInclude>
    <ClInclude Include="Sample.h">
      <Filter>헤더 파일</Filter>
    </ClInclude>
    <ClInclude Include="Sprite.h">
      <Filter>헤더 파일</Filter>
    </ClInclude>
    <ClInclude Include="UIModelMgr.h">
      <Filter>헤더 파일</Filter>
    </ClInclude>
    <ClInclude Include="LoginWorld.h">
      <Filter>헤더 파일</Filter>
    </ClInclude>
    <ClInclude Include="UIObject.h">
      <Filter>헤더 파일</Filter>
    </ClInclude>
    <ClInclude Include="ZoneWorld.h">
      <Filter>헤더 파일</Filter>
    </ClInclude>
  </ItemGroup>
  <ItemGroup>
    <Text Include="PixelShader.txt">
      <Filter>.txt</Filter>
    </Text>
    <Text Include="player.txt">
      <Filter>.txt</Filter>
    </Text>
    <Text Include="Shader.txt">
      <Filter>.txt</Filter>
    </Text>
    <Text Include="SpriteData.txt">
      <Filter>.txt</Filter>
    </Text>
    <Text Include="VertexShader.txt">
      <Filter>.txt</Filter>
    </Text>
    <Text Include="..\..\data\shader\DefaultUI.txt">
      <Filter>.txt</Filter>
    </Text>
  </ItemGroup>
  <ItemGroup>
    <Filter Include=".txt">
      <UniqueIdentifier>{2dd692ba-1456-4f5c-8ad2-281319fa4b7a}</UniqueIdentifier>
    </Filter>
    <Filter Include="헤더 파일">
      <UniqueIdentifier>{3406b6ac-d316-437e-aa2e-40ce8b7b555a}</UniqueIdentifier>
    </Filter>
    <Filter Include="소스 파일">
      <UniqueIdentifier>{ae285fa2-dfee-40ff-be84-fa27f3739cfe}</UniqueIdentifier>
    </Filter>
  </ItemGroup>
</Project>