<?xml version="1.0" encoding="utf-8"?>
<Project ToolsVersion="4.0" xmlns="http://schemas.microsoft.com/developer/msbuild/2003">
  <ItemGroup>
    <FxCompile Include="Box.hlsl" />
    <FxCompile Include="Map.hlsl" />
    <FxCompile Include="Sky.hlsl" />
  </ItemGroup>
  <ItemGroup>
    <ClCompile Include="BoxObj.cpp">
      <Filter>소스 파일</Filter>
    </ClCompile>
    <ClCompile Include="Camera.cpp">
      <Filter>소스 파일</Filter>
    </ClCompile>
    <ClCompile Include="Frustum.cpp">
      <Filter>소스 파일</Filter>
    </ClCompile>
    <ClCompile Include="Map.cpp">
      <Filter>소스 파일</Filter>
    </ClCompile>
    <ClCompile Include="PlaneObj.cpp">
      <Filter>소스 파일</Filter>
    </ClCompile>
    <ClCompile Include="Sample.cpp">
      <Filter>소스 파일</Filter>
    </ClCompile>
    <ClCompile Include="SkyObj.cpp">
      <Filter>소스 파일</Filter>
    </ClCompile>
    <ClCompile Include="Quadtree.cpp">
      <Filter>소스 파일</Filter>
    </ClCompile>
    <ClCompile Include="Node.cpp">
      <Filter>소스 파일</Filter>
    </ClCompile>
  </ItemGroup>
  <ItemGroup>
    <ClInclude Include="BoxObj.h">
      <Filter>헤더 파일</Filter>
    </ClInclude>
    <ClInclude Include="Camera.h">
      <Filter>헤더 파일</Filter>
    </ClInclude>
    <ClInclude Include="Frustum.h">
      <Filter>헤더 파일</Filter>
    </ClInclude>
    <ClInclude Include="Map.h">
      <Filter>헤더 파일</Filter>
    </ClInclude>
    <ClInclude Include="PlaneObj.h">
      <Filter>헤더 파일</Filter>
    </ClInclude>
    <ClInclude Include="Sample.h">
      <Filter>헤더 파일</Filter>
    </ClInclude>
    <ClInclude Include="SkyObj.h">
      <Filter>헤더 파일</Filter>
    </ClInclude>
    <ClInclude Include="Quadtree.h">
      <Filter>헤더 파일</Filter>
    </ClInclude>
    <ClInclude Include="Node.h">
      <Filter>헤더 파일</Filter>
    </ClInclude>
  </ItemGroup>
  <ItemGroup>
    <Filter Include="소스 파일">
      <UniqueIdentifier>{75755950-aee8-4ef6-8730-87e5e96118de}</UniqueIdentifier>
    </Filter>
    <Filter Include="헤더 파일">
      <UniqueIdentifier>{d235e592-ca7a-48bb-8b86-b249ae1e5f75}</UniqueIdentifier>
    </Filter>
  </ItemGroup>
</Project>