<?xml version="1.0" encoding="utf-8"?>
<Project ToolsVersion="4.0" xmlns="http://schemas.microsoft.com/developer/msbuild/2003">
  <ItemGroup>
    <Filter Include="소스 파일">
      <UniqueIdentifier>{4FC737F1-C7A5-4376-A066-2A32D752A2FF}</UniqueIdentifier>
      <Extensions>cpp;c;cc;cxx;c++;cppm;ixx;def;odl;idl;hpj;bat;asm;asmx</Extensions>
    </Filter>
    <Filter Include="헤더 파일">
      <UniqueIdentifier>{93995380-89BD-4b04-88EB-625FBE52EBFB}</UniqueIdentifier>
      <Extensions>h;hh;hpp;hxx;h++;hm;inl;inc;ipp;xsd</Extensions>
    </Filter>
    <Filter Include="리소스 파일">
      <UniqueIdentifier>{67DA6AB6-F800-4c08-8B7A-83BB121AAD01}</UniqueIdentifier>
      <Extensions>rc;ico;cur;bmp;dlg;rc2;rct;bin;rgs;gif;jpg;jpeg;jpe;resx;tiff;tif;png;wav;mfcribbon-ms</Extensions>
    </Filter>
    <Filter Include="소스 파일\shader">
      <UniqueIdentifier>{f7a0cc20-a3c0-4437-927c-87d225c50974}</UniqueIdentifier>
    </Filter>
    <Filter Include="Sprite">
      <UniqueIdentifier>{b9b0f13a-a287-431d-9d18-43848c33a18a}</UniqueIdentifier>
    </Filter>
  </ItemGroup>
  <ItemGroup>
    <ClCompile Include="Sample.cpp">
      <Filter>소스 파일</Filter>
    </ClCompile>
    <ClCompile Include="ObjectNpc2D.cpp">
      <Filter>소스 파일</Filter>
    </ClCompile>
    <ClCompile Include="PlayerObj2D.cpp">
      <Filter>소스 파일</Filter>
    </ClCompile>
    <ClCompile Include="IntroWorld.cpp">
      <Filter>소스 파일</Filter>
    </ClCompile>
    <ClCompile Include="ZoneWorld.cpp">
      <Filter>소스 파일</Filter>
    </ClCompile>
    <ClCompile Include="LoginWorld.cpp">
      <Filter>소스 파일</Filter>
    </ClCompile>
    <ClCompile Include="UIObject.cpp">
      <Filter>소스 파일</Filter>
    </ClCompile>
    <ClCompile Include="Sprite.cpp">
      <Filter>Sprite</Filter>
    </ClCompile>
    <ClCompile Include="EffectObj.cpp">
      <Filter>소스 파일</Filter>
    </ClCompile>
    <ClCompile Include="UIModelMgr.cpp">
      <Filter>소스 파일</Filter>
    </ClCompile>
  </ItemGroup>
  <ItemGroup>
    <ClInclude Include="Sample.h">
      <Filter>헤더 파일</Filter>
    </ClInclude>
    <ClInclude Include="ObjectNpc2D.h">
      <Filter>헤더 파일</Filter>
    </ClInclude>
    <ClInclude Include="PlayerObj2D.h">
      <Filter>헤더 파일</Filter>
    </ClInclude>
    <ClInclude Include="IntroWorld.h">
      <Filter>헤더 파일</Filter>
    </ClInclude>
    <ClInclude Include="ZoneWorld.h">
      <Filter>헤더 파일</Filter>
    </ClInclude>
    <ClInclude Include="LoginWorld.h">
      <Filter>헤더 파일</Filter>
    </ClInclude>
    <ClInclude Include="UIObject.h">
      <Filter>헤더 파일</Filter>
    </ClInclude>
    <ClInclude Include="Sprite.h">
      <Filter>Sprite</Filter>
    </ClInclude>
    <ClInclude Include="EffectObj.h">
      <Filter>헤더 파일</Filter>
    </ClInclude>
    <ClInclude Include="UIModelMgr.h">
      <Filter>헤더 파일</Filter>
    </ClInclude>
  </ItemGroup>
  <ItemGroup>
    <Text Include="..\..\data\shader\DefaultUI.txt">
      <Filter>소스 파일\shader</Filter>
    </Text>
    <Text Include="PixelShader.txt">
      <Filter>소스 파일\shader</Filter>
    </Text>
    <Text Include="Player.txt">
      <Filter>소스 파일\shader</Filter>
    </Text>
    <Text Include="Shader.txt">
      <Filter>소스 파일\shader</Filter>
    </Text>
    <Text Include="VertexShader.txt">
      <Filter>소스 파일\shader</Filter>
    </Text>
    <Text Include="SpriteData.txt">
      <Filter>Sprite</Filter>
    </Text>
  </ItemGroup>
</Project>